
Microsoft Visual Studio Solution File, Format Version 12.00
# Visual Studio Version 16
VisualStudioVersion = 16.0.31205.134
MinimumVisualStudioVersion = 10.0.40219.1
Project("{FAE04EC0-301F-11D3-BF4B-00C04F79EFBC}") = "Assignment1", "Assignment1.csproj", "{C508C649-C793-4600-A5AE-03D5534250F8}"
EndProject
Global
	GlobalSection(SolutionConfigurationPlatforms) = preSolution
		Debug|Any CPU = Debug|Any CPU
		Release|Any CPU = Release|Any CPU
	EndGlobalSection
	GlobalSection(ProjectConfigurationPlatforms) = postSolution
		{C508C649-C793-4600-A5AE-03D5534250F8}.Debug|Any CPU.ActiveCfg = Debug|Any CPU
		{C508C649-C793-4600-A5AE-03D5534250F8}.Debug|Any CPU.Build.0 = Debug|Any CPU
		{C508C649-C793-4600-A5AE-03D5534250F8}.Release|Any CPU.ActiveCfg = Release|Any CPU
		{C508C649-C793-4600-A5AE-03D5534250F8}.Release|Any CPU.Build.0 = Release|Any CPU
	EndGlobalSection
	GlobalSection(SolutionProperties) = preSolution
		HideSolutionNode = FALSE
	EndGlobalSection
	GlobalSection(ExtensibilityGlobals) = postSolution
		SolutionGuid = {8FEB905D-A02C-4C01-9BD6-F8332458E086}
	EndGlobalSection
EndGlobal
