
Microsoft Visual Studio Solution File, Format Version 12.00
# Visual Studio Version 16
VisualStudioVersion = 16.0.31205.134
MinimumVisualStudioVersion = 10.0.40219.1
Project("{FAE04EC0-301F-11D3-BF4B-00C04F79EFBC}") = "Assignment5", "Assignment5.csproj", "{CBCC3697-F401-42FD-B4B9-69C912E9E5F4}"
EndProject
Global
	GlobalSection(SolutionConfigurationPlatforms) = preSolution
		Debug|Any CPU = Debug|Any CPU
		Release|Any CPU = Release|Any CPU
	EndGlobalSection
	GlobalSection(ProjectConfigurationPlatforms) = postSolution
		{CBCC3697-F401-42FD-B4B9-69C912E9E5F4}.Debug|Any CPU.ActiveCfg = Debug|Any CPU
		{CBCC3697-F401-42FD-B4B9-69C912E9E5F4}.Debug|Any CPU.Build.0 = Debug|Any CPU
		{CBCC3697-F401-42FD-B4B9-69C912E9E5F4}.Release|Any CPU.ActiveCfg = Release|Any CPU
		{CBCC3697-F401-42FD-B4B9-69C912E9E5F4}.Release|Any CPU.Build.0 = Release|Any CPU
	EndGlobalSection
	GlobalSection(SolutionProperties) = preSolution
		HideSolutionNode = FALSE
	EndGlobalSection
	GlobalSection(ExtensibilityGlobals) = postSolution
		SolutionGuid = {EE2BA2F7-C31D-464E-9F2E-6C4621905304}
	EndGlobalSection
EndGlobal
